// !$*UTF8*$!
{
	archiveVersion = 1;
	classes = {
	};
	objectVersion = 48;
	objects = {

/* Begin PBXBuildFile section */
		5ED334761FD99FA600819043 /* AppDelegate.swift in Sources */ = {isa = PBXBuildFile; fileRef = 5ED334751FD99FA600819043 /* AppDelegate.swift */; };
		5ED334781FD99FA600819043 /* ViewController.swift in Sources */ = {isa = PBXBuildFile; fileRef = 5ED334771FD99FA600819043 /* ViewController.swift */; };
		5ED3347B1FD99FA600819043 /* Main.storyboard in Resources */ = {isa = PBXBuildFile; fileRef = 5ED334791FD99FA600819043 /* Main.storyboard */; };
		5ED3347D1FD99FA600819043 /* Assets.xcassets in Resources */ = {isa = PBXBuildFile; fileRef = 5ED3347C1FD99FA600819043 /* Assets.xcassets */; };
		5ED334801FD99FA600819043 /* LaunchScreen.storyboard in Resources */ = {isa = PBXBuildFile; fileRef = 5ED3347E1FD99FA600819043 /* LaunchScreen.storyboard */; };
		5ED3348B1FD99FA600819043 /* gittestTests.swift in Sources */ = {isa = PBXBuildFile; fileRef = 5ED3348A1FD99FA600819043 /* gittestTests.swift */; };
		5ED334961FD99FA600819043 /* gittestUITests.swift in Sources */ = {isa = PBXBuildFile; fileRef = 5ED334951FD99FA600819043 /* gittestUITests.swift */; };
/* End PBXBuildFile section */

/* Begin PBXContainerItemProxy section */
		5ED334871FD99FA600819043 /* PBXContainerItemProxy */ = {
			isa = PBXContainerItemProxy;
			containerPortal = 5ED3346A1FD99FA600819043 /* Project object */;
			proxyType = 1;
			remoteGlobalIDString = 5ED334711FD99FA600819043;
			remoteInfo = gittest;
		};
		5ED334921FD99FA600819043 /* PBXContainerItemProxy */ = {
			isa = PBXContainerItemProxy;
			containerPortal = 5ED3346A1FD99FA600819043 /* Project object */;
			proxyType = 1;
			remoteGlobalIDString = 5ED334711FD99FA600819043;
			remoteInfo = gittest;
		};
/* End PBXContainerItemProxy section */

/* Begin PBXFileReference section */
		5ED334721FD99FA600819043 /* gittest.app */ = {isa = PBXFileReference; explicitFileType = wrapper.application; includeInIndex = 0; path = gittest.app; sourceTree = BUILT_PRODUCTS_DIR; };
		5ED334751FD99FA600819043 /* AppDelegate.swift */ = {isa = PBXFileReference; lastKnownFileType = sourcecode.swift; path = AppDelegate.swift; sourceTree = "<group>"; };
		5ED334771FD99FA600819043 /* ViewController.swift */ = {isa = PBXFileReference; lastKnownFileType = sourcecode.swift; path = ViewController.swift; sourceTree = "<group>"; };
		5ED3347A1FD99FA600819043 /* Base */ = {isa = PBXFileReference; lastKnownFileType = file.storyboard; name = Base; path = Base.lproj/Main.storyboard; sourceTree = "<group>"; };
		5ED3347C1FD99FA600819043 /* Assets.xcassets */ = {isa = PBXFileReference; lastKnownFileType = folder.assetcatalog; path = Assets.xcassets; sourceTree = "<group>"; };
		5ED3347F1FD99FA600819043 /* Base */ = {isa = PBXFileReference; lastKnownFileType = file.storyboard; name = Base; path = Base.lproj/LaunchScreen.storyboard; sourceTree = "<group>"; };
		5ED334811FD99FA600819043 /* Info.plist */ = {isa = PBXFileReference; lastKnownFileType = text.plist.xml; path = Info.plist; sourceTree = "<group>"; };
		5ED334861FD99FA600819043 /* gittestTests.xctest */ = {isa = PBXFileReference; explicitFileType = wrapper.cfbundle; includeInIndex = 0; path = gittestTests.xctest; sourceTree = BUILT_PRODUCTS_DIR; };
		5ED3348A1FD99FA600819043 /* gittestTests.swift */ = {isa = PBXFileReference; lastKnownFileType = sourcecode.swift; path = gittestTests.swift; sourceTree = "<group>"; };
		5ED3348C1FD99FA600819043 /* Info.plist */ = {isa = PBXFileReference; lastKnownFileType = text.plist.xml; path = Info.plist; sourceTree = "<group>"; };
		5ED334911FD99FA600819043 /* gittestUITests.xctest */ = {isa = PBXFileReference; explicitFileType = wrapper.cfbundle; includeInIndex = 0; path = gittestUITests.xctest; sourceTree = BUILT_PRODUCTS_DIR; };
		5ED334951FD99FA600819043 /* gittestUITests.swift */ = {isa = PBXFileReference; lastKnownFileType = sourcecode.swift; path = gittestUITests.swift; sourceTree = "<group>"; };
		5ED334971FD99FA600819043 /* Info.plist */ = {isa = PBXFileReference; lastKnownFileType = text.plist.xml; path = Info.plist; sourceTree = "<group>"; };
/* End PBXFileReference section */

/* Begin PBXFrameworksBuildPhase section */
		5ED3346F1FD99FA600819043 /* Frameworks */ = {
			isa = PBXFrameworksBuildPhase;
			buildActionMask = 2147483647;
			files = (
			);
			runOnlyForDeploymentPostprocessing = 0;
		};
		5ED334831FD99FA600819043 /* Frameworks */ = {
			isa = PBXFrameworksBuildPhase;
			buildActionMask = 2147483647;
			files = (
			);
			runOnlyForDeploymentPostprocessing = 0;
		};
		5ED3348E1FD99FA600819043 /* Frameworks */ = {
			isa = PBXFrameworksBuildPhase;
			buildActionMask = 2147483647;
			files = (
			);
			runOnlyForDeploymentPostprocessing = 0;
		};
/* End PBXFrameworksBuildPhase section */

/* Begin PBXGroup section */
		5ED334691FD99FA600819043 = {
			isa = PBXGroup;
			children = (
				5ED334741FD99FA600819043 /* gittest */,
				5ED334891FD99FA600819043 /* gittestTests */,
				5ED334941FD99FA600819043 /* gittestUITests */,
				5ED334731FD99FA600819043 /* Products */,
			);
			sourceTree = "<group>";
		};
		5ED334731FD99FA600819043 /* Products */ = {
			isa = PBXGroup;
			children = (
				5ED334721FD99FA600819043 /* gittest.app */,
				5ED334861FD99FA600819043 /* gittestTests.xctest */,
				5ED334911FD99FA600819043 /* gittestUITests.xctest */,
			);
			name = Products;
			sourceTree = "<group>";
		};
		5ED334741FD99FA600819043 /* gittest */ = {
			isa = PBXGroup;
			children = (
				5ED334751FD99FA600819043 /* AppDelegate.swift */,
				5ED334771FD99FA600819043 /* ViewController.swift */,
				5ED334791FD99FA600819043 /* Main.storyboard */,
				5ED3347C1FD99FA600819043 /* Assets.xcassets */,
				5ED3347E1FD99FA600819043 /* LaunchScreen.storyboard */,
				5ED334811FD99FA600819043 /* Info.plist */,
			);
			path = gittest;
			sourceTree = "<group>";
		};
		5ED334891FD99FA600819043 /* gittestTests */ = {
			isa = PBXGroup;
			children = (
				5ED3348A1FD99FA600819043 /* gittestTests.swift */,
				5ED3348C1FD99FA600819043 /* Info.plist */,
			);
			path = gittestTests;
			sourceTree = "<group>";
		};
		5ED334941FD99FA600819043 /* gittestUITests */ = {
			isa = PBXGroup;
			children = (
				5ED334951FD99FA600819043 /* gittestUITests.swift */,
				5ED334971FD99FA600819043 /* Info.plist */,
			);
			path = gittestUITests;
			sourceTree = "<group>";
		};
/* End PBXGroup section */

/* Begin PBXNativeTarget section */
		5ED334711FD99FA600819043 /* gittest */ = {
			isa = PBXNativeTarget;
			buildConfigurationList = 5ED3349A1FD99FA600819043 /* Build configuration list for PBXNativeTarget "gittest" */;
			buildPhases = (
				5ED3346E1FD99FA600819043 /* Sources */,
				5ED3346F1FD99FA600819043 /* Frameworks */,
				5ED334701FD99FA600819043 /* Resources */,
			);
			buildRules = (
			);
			dependencies = (
			);
			name = gittest;
			productName = gittest;
			productReference = 5ED334721FD99FA600819043 /* gittest.app */;
			productType = "com.apple.product-type.application";
		};
		5ED334851FD99FA600819043 /* gittestTests */ = {
			isa = PBXNativeTarget;
			buildConfigurationList = 5ED3349D1FD99FA600819043 /* Build configuration list for PBXNativeTarget "gittestTests" */;
			buildPhases = (
				5ED334821FD99FA600819043 /* Sources */,
				5ED334831FD99FA600819043 /* Frameworks */,
				5ED334841FD99FA600819043 /* Resources */,
			);
			buildRules = (
			);
			dependencies = (
				5ED334881FD99FA600819043 /* PBXTargetDependency */,
			);
			name = gittestTests;
			productName = gittestTests;
			productReference = 5ED334861FD99FA600819043 /* gittestTests.xctest */;
			productType = "com.apple.product-type.bundle.unit-test";
		};
		5ED334901FD99FA600819043 /* gittestUITests */ = {
			isa = PBXNativeTarget;
			buildConfigurationList = 5ED334A01FD99FA600819043 /* Build configuration list for PBXNativeTarget "gittestUITests" */;
			buildPhases = (
				5ED3348D1FD99FA600819043 /* Sources */,
				5ED3348E1FD99FA600819043 /* Frameworks */,
				5ED3348F1FD99FA600819043 /* Resources */,
			);
			buildRules = (
			);
			dependencies = (
				5ED334931FD99FA600819043 /* PBXTargetDependency */,
			);
			name = gittestUITests;
			productName = gittestUITests;
			productReference = 5ED334911FD99FA600819043 /* gittestUITests.xctest */;
			productType = "com.apple.product-type.bundle.ui-testing";
		};
/* End PBXNativeTarget section */

/* Begin PBXProject section */
		5ED3346A1FD99FA600819043 /* Project object */ = {
			isa = PBXProject;
			attributes = {
				LastSwiftUpdateCheck = 0920;
				LastUpgradeCheck = 0920;
				ORGANIZATIONNAME = G;
				TargetAttributes = {
					5ED334711FD99FA600819043 = {
						CreatedOnToolsVersion = 9.2;
						ProvisioningStyle = Automatic;
					};
					5ED334851FD99FA600819043 = {
						CreatedOnToolsVersion = 9.2;
						ProvisioningStyle = Automatic;
						TestTargetID = 5ED334711FD99FA600819043;
					};
					5ED334901FD99FA600819043 = {
						CreatedOnToolsVersion = 9.2;
						ProvisioningStyle = Automatic;
						TestTargetID = 5ED334711FD99FA600819043;
					};
				};
			};
			buildConfigurationList = 5ED3346D1FD99FA600819043 /* Build configuration list for PBXProject "gittest" */;
			compatibilityVersion = "Xcode 8.0";
			developmentRegion = en;
			hasScannedForEncodings = 0;
			knownRegions = (
				en,
				Base,
			);
			mainGroup = 5ED334691FD99FA600819043;
			productRefGroup = 5ED334731FD99FA600819043 /* Products */;
			projectDirPath = "";
			projectRoot = "";
			targets = (
				5ED334711FD99FA600819043 /* gittest */,
				5ED334851FD99FA600819043 /* gittestTests */,
				5ED334901FD99FA600819043 /* gittestUITests */,
			);
		};
/* End PBXProject section */

/* Begin PBXResourcesBuildPhase section */
		5ED334701FD99FA600819043 /* Resources */ = {
			isa = PBXResourcesBuildPhase;
			buildActionMask = 2147483647;
			files = (
				5ED334801FD99FA600819043 /* LaunchScreen.storyboard in Resources */,
				5ED3347D1FD99FA600819043 /* Assets.xcassets in Resources */,
				5ED3347B1FD99FA600819043 /* Main.storyboard in Resources */,
			);
			runOnlyForDeploymentPostprocessing = 0;
		};
		5ED334841FD99FA600819043 /* Resources */ = {
			isa = PBXResourcesBuildPhase;
			buildActionMask = 2147483647;
			files = (
			);
			runOnlyForDeploymentPostprocessing = 0;
		};
		5ED3348F1FD99FA600819043 /* Resources */ = {
			isa = PBXResourcesBuildPhase;
			buildActionMask = 2147483647;
			files = (
			);
			runOnlyForDeploymentPostprocessing = 0;
		};
/* End PBXResourcesBuildPhase section */

/* Begin PBXSourcesBuildPhase section */
		5ED3346E1FD99FA600819043 /* Sources */ = {
			isa = PBXSourcesBuildPhase;
			buildActionMask = 2147483647;
			files = (
				5ED334781FD99FA600819043 /* ViewController.swift in Sources */,
				5ED334761FD99FA600819043 /* AppDelegate.swift in Sources */,
			);
			runOnlyForDeploymentPostprocessing = 0;
		};
		5ED334821FD99FA600819043 /* Sources */ = {
			isa = PBXSourcesBuildPhase;
			buildActionMask = 2147483647;
			files = (
				5ED3348B1FD99FA600819043 /* gittestTests.swift in Sources */,
			);
			runOnlyForDeploymentPostprocessing = 0;
		};
		5ED3348D1FD99FA600819043 /* Sources */ = {
			isa = PBXSourcesBuildPhase;
			buildActionMask = 2147483647;
			files = (
				5ED334961FD99FA600819043 /* gittestUITests.swift in Sources */,
			);
			runOnlyForDeploymentPostprocessing = 0;
		};
/* End PBXSourcesBuildPhase section */

/* Begin PBXTargetDependency section */
		5ED334881FD99FA600819043 /* PBXTargetDependency */ = {
			isa = PBXTargetDependency;
			target = 5ED334711FD99FA600819043 /* gittest */;
			targetProxy = 5ED334871FD99FA600819043 /* PBXContainerItemProxy */;
		};
		5ED334931FD99FA600819043 /* PBXTargetDependency */ = {
			isa = PBXTargetDependency;
			target = 5ED334711FD99FA600819043 /* gittest */;
			targetProxy = 5ED334921FD99FA600819043 /* PBXContainerItemProxy */;
		};
/* End PBXTargetDependency section */

/* Begin PBXVariantGroup section */
		5ED334791FD99FA600819043 /* Main.storyboard */ = {
			isa = PBXVariantGroup;
			children = (
				5ED3347A1FD99FA600819043 /* Base */,
			);
			name = Main.storyboard;
			sourceTree = "<group>";
		};
		5ED3347E1FD99FA600819043 /* LaunchScreen.storyboard */ = {
			isa = PBXVariantGroup;
			children = (
				5ED3347F1FD99FA600819043 /* Base */,
			);
			name = LaunchScreen.storyboard;
			sourceTree = "<group>";
		};
/* End PBXVariantGroup section */

/* Begin XCBuildConfiguration section */
		5ED334981FD99FA600819043 /* Debug */ = {
			isa = XCBuildConfiguration;
			buildSettings = {
				ALWAYS_SEARCH_USER_PATHS = NO;
				CLANG_ANALYZER_NONNULL = YES;
				CLANG_ANALYZER_NUMBER_OBJECT_CONVERSION = YES_AGGRESSIVE;
				CLANG_CXX_LANGUAGE_STANDARD = "gnu++14";
				CLANG_CXX_LIBRARY = "libc++";
				CLANG_ENABLE_MODULES = YES;
				CLANG_ENABLE_OBJC_ARC = YES;
				CLANG_WARN_BLOCK_CAPTURE_AUTORELEASING = YES;
				CLANG_WARN_BOOL_CONVERSION = YES;
				CLANG_WARN_COMMA = YES;
				CLANG_WARN_CONSTANT_CONVERSION = YES;
				CLANG_WARN_DIRECT_OBJC_ISA_USAGE = YES_ERROR;
				CLANG_WARN_DOCUMENTATION_COMMENTS = YES;
				CLANG_WARN_EMPTY_BODY = YES;
				CLANG_WARN_ENUM_CONVERSION = YES;
				CLANG_WARN_INFINITE_RECURSION = YES;
				CLANG_WARN_INT_CONVERSION = YES;
				CLANG_WARN_NON_LITERAL_NULL_CONVERSION = YES;
				CLANG_WARN_OBJC_LITERAL_CONVERSION = YES;
				CLANG_WARN_OBJC_ROOT_CLASS = YES_ERROR;
				CLANG_WARN_RANGE_LOOP_ANALYSIS = YES;
				CLANG_WARN_STRICT_PROTOTYPES = YES;
				CLANG_WARN_SUSPICIOUS_MOVE = YES;
				CLANG_WARN_UNGUARDED_AVAILABILITY = YES_AGGRESSIVE;
				CLANG_WARN_UNREACHABLE_CODE = YES;
				CLANG_WARN__DUPLICATE_METHOD_MATCH = YES;
				CODE_SIGN_IDENTITY = "iPhone Developer";
				COPY_PHASE_STRIP = NO;
				DEBUG_INFORMATION_FORMAT = dwarf;
				ENABLE_STRICT_OBJC_MSGSEND = YES;
				ENABLE_TESTABILITY = YES;
				GCC_C_LANGUAGE_STANDARD = gnu11;
				GCC_DYNAMIC_NO_PIC = NO;
				GCC_NO_COMMON_BLOCKS = YES;
				GCC_OPTIMIZATION_LEVEL = 0;
				GCC_PREPROCESSOR_DEFINITIONS = (
					"DEBUG=1",
					"$(inherited)",
				);
				GCC_WARN_64_TO_32_BIT_CONVERSION = YES;
				GCC_WARN_ABOUT_RETURN_TYPE = YES_ERROR;
				GCC_WARN_UNDECLARED_SELECTOR = YES;
				GCC_WARN_UNINITIALIZED_AUTOS = YES_AGGRESSIVE;
				GCC_WARN_UNUSED_FUNCTION = YES;
				GCC_WARN_UNUSED_VARIABLE = YES;
				IPHONEOS_DEPLOYMENT_TARGET = 11.2;
				MTL_ENABLE_DEBUG_INFO = YES;
				ONLY_ACTIVE_ARCH = YES;
				SDKROOT = iphoneos;
				SWIFT_ACTIVE_COMPILATION_CONDITIONS = DEBUG;
				SWIFT_OPTIMIZATION_LEVEL = "-Onone";
			};
			name = Debug;
		};
		5ED334991FD99FA600819043 /* Release */ = {
			isa = XCBuildConfiguration;
			buildSettings = {
				ALWAYS_SEARCH_USER_PATHS = NO;
				CLANG_ANALYZER_NONNULL = YES;
				CLANG_ANALYZER_NUMBER_OBJECT_CONVERSION = YES_AGGRESSIVE;
				CLANG_CXX_LANGUAGE_STANDARD = "gnu++14";
				CLANG_CXX_LIBRARY = "libc++";
				CLANG_ENABLE_MODULES = YES;
				CLANG_ENABLE_OBJC_ARC = YES;
				CLANG_WARN_BLOCK_CAPTURE_AUTORELEASING = YES;
				CLANG_WARN_BOOL_CONVERSION = YES;
				CLANG_WARN_COMMA = YES;
				CLANG_WARN_CONSTANT_CONVERSION = YES;
				CLANG_WARN_DIRECT_OBJC_ISA_USAGE = YES_ERROR;
				CLANG_WARN_DOCUMENTATION_COMMENTS = YES;
				CLANG_WARN_EMPTY_BODY = YES;
				CLANG_WARN_ENUM_CONVERSION = YES;
				CLANG_WARN_INFINITE_RECURSION = YES;
				CLANG_WARN_INT_CONVERSION = YES;
				CLANG_WARN_NON_LITERAL_NULL_CONVERSION = YES;
				CLANG_WARN_OBJC_LITERAL_CONVERSION = YES;
				CLANG_WARN_OBJC_ROOT_CLASS = YES_ERROR;
				CLANG_WARN_RANGE_LOOP_ANALYSIS = YES;
				CLANG_WARN_STRICT_PROTOTYPES = YES;
				CLANG_WARN_SUSPICIOUS_MOVE = YES;
				CLANG_WARN_UNGUARDED_AVAILABILITY = YES_AGGRESSIVE;
				CLANG_WARN_UNREACHABLE_CODE = YES;
				CLANG_WARN__DUPLICATE_METHOD_MATCH = YES;
				CODE_SIGN_IDENTITY = "iPhone Developer";
				COPY_PHASE_STRIP = NO;
				DEBUG_INFORMATION_FORMAT = "dwarf-with-dsym";
				ENABLE_NS_ASSERTIONS = NO;
				ENABLE_STRICT_OBJC_MSGSEND = YES;
				GCC_C_LANGUAGE_STANDARD = gnu11;
				GCC_NO_COMMON_BLOCKS = YES;
				GCC_WARN_64_TO_32_BIT_CONVERSION = YES;
				GCC_WARN_ABOUT_RETURN_TYPE = YES_ERROR;
				GCC_WARN_UNDECLARED_SELECTOR = YES;
				GCC_WARN_UNINITIALIZED_AUTOS = YES_AGGRESSIVE;
				GCC_WARN_UNUSED_FUNCTION = YES;
				GCC_WARN_UNUSED_VARIABLE = YES;
				IPHONEOS_DEPLOYMENT_TARGET = 11.2;
				MTL_ENABLE_DEBUG_INFO = NO;
				SDKROOT = iphoneos;
				SWIFT_OPTIMIZATION_LEVEL = "-Owholemodule";
				VALIDATE_PRODUCT = YES;
			};
			name = Release;
		};
		5ED3349B1FD99FA600819043 /* Debug */ = {
			isa = XCBuildConfiguration;
			buildSettings = {
				ASSETCATALOG_COMPILER_APPICON_NAME = AppIcon;
				CODE_SIGN_STYLE = Automatic;
				INFOPLIST_FILE = gittest/Info.plist;
				LD_RUNPATH_SEARCH_PATHS = "$(inherited) @executable_path/Frameworks";
				PRODUCT_BUNDLE_IDENTIFIER = iosda.gittest;
				PRODUCT_NAME = "$(TARGET_NAME)";
				SWIFT_VERSION = 4.0;
				TARGETED_DEVICE_FAMILY = "1,2";
			};
			name = Debug;
		};
		5ED3349C1FD99FA600819043 /* Release */ = {
			isa = XCBuildConfiguration;
			buildSettings = {
				ASSETCATALOG_COMPILER_APPICON_NAME = AppIcon;
				CODE_SIGN_STYLE = Automatic;
				INFOPLIST_FILE = gittest/Info.plist;
				LD_RUNPATH_SEARCH_PATHS = "$(inherited) @executable_path/Frameworks";
				PRODUCT_BUNDLE_IDENTIFIER = iosda.gittest;
				PRODUCT_NAME = "$(TARGET_NAME)";
				SWIFT_VERSION = 4.0;
				TARGETED_DEVICE_FAMILY = "1,2";
			};
			name = Release;
		};
		5ED3349E1FD99FA600819043 /* Debug */ = {
			isa = XCBuildConfiguration;
			buildSettings = {
				ALWAYS_EMBED_SWIFT_STANDARD_LIBRARIES = YES;
				BUNDLE_LOADER = "$(TEST_HOST)";
				CODE_SIGN_STYLE = Automatic;
				INFOPLIST_FILE = gittestTests/Info.plist;
				LD_RUNPATH_SEARCH_PATHS = "$(inherited) @executable_path/Frameworks @loader_path/Frameworks";
				PRODUCT_BUNDLE_IDENTIFIER = iosda.gittestTests;
				PRODUCT_NAME = "$(TARGET_NAME)";
				SWIFT_VERSION = 4.0;
				TARGETED_DEVICE_FAMILY = "1,2";
				TEST_HOST = "$(BUILT_PRODUCTS_DIR)/gittest.app/gittest";
			};
			name = Debug;
		};
		5ED3349F1FD99FA600819043 /* Release */ = {
			isa = XCBuildConfiguration;
			buildSettings = {
				ALWAYS_EMBED_SWIFT_STANDARD_LIBRARIES = YES;
				BUNDLE_LOADER = "$(TEST_HOST)";
				CODE_SIGN_STYLE = Automatic;
				INFOPLIST_FILE = gittestTests/Info.plist;
				LD_RUNPATH_SEARCH_PATHS = "$(inherited) @executable_path/Frameworks @loader_path/Frameworks";
				PRODUCT_BUNDLE_IDENTIFIER = iosda.gittestTests;
				PRODUCT_NAME = "$(TARGET_NAME)";
				SWIFT_VERSION = 4.0;
				TARGETED_DEVICE_FAMILY = "1,2";
				TEST_HOST = "$(BUILT_PRODUCTS_DIR)/gittest.app/gittest";
			};
			name = Release;
		};
		5ED334A11FD99FA600819043 /* Debug */ = {
			isa = XCBuildConfiguration;
			buildSettings = {
				ALWAYS_EMBED_SWIFT_STANDARD_LIBRARIES = YES;
				CODE_SIGN_STYLE = Automatic;
				INFOPLIST_FILE = gittestUITests/Info.plist;
				LD_RUNPATH_SEARCH_PATHS = "$(inherited) @executable_path/Frameworks @loader_path/Frameworks";
				PRODUCT_BUNDLE_IDENTIFIER = iosda.gittestUITests;
				PRODUCT_NAME = "$(TARGET_NAME)";
				SWIFT_VERSION = 4.0;
				TARGETED_DEVICE_FAMILY = "1,2";
				TEST_TARGET_NAME = gittest;
			};
			name = Debug;
		};
		5ED334A21FD99FA600819043 /* Release */ = {
			isa = XCBuildConfiguration;
			buildSettings = {
				ALWAYS_EMBED_SWIFT_STANDARD_LIBRARIES = YES;
				CODE_SIGN_STYLE = Automatic;
				INFOPLIST_FILE = gittestUITests/Info.plist;
				LD_RUNPATH_SEARCH_PATHS = "$(inherited) @executable_path/Frameworks @loader_path/Frameworks";
				PRODUCT_BUNDLE_IDENTIFIER = iosda.gittestUITests;
				PRODUCT_NAME = "$(TARGET_NAME)";
				SWIFT_VERSION = 4.0;
				TARGETED_DEVICE_FAMILY = "1,2";
				TEST_TARGET_NAME = gittest;
			};
			name = Release;
		};
/* End XCBuildConfiguration section */

/* Begin XCConfigurationList section */
		5ED3346D1FD99FA600819043 /* Build configuration list for PBXProject "gittest" */ = {
			isa = XCConfigurationList;
			buildConfigurations = (
				5ED334981FD99FA600819043 /* Debug */,
				5ED334991FD99FA600819043 /* Release */,
			);
			defaultConfigurationIsVisible = 0;
			defaultConfigurationName = Release;
		};
		5ED3349A1FD99FA600819043 /* Build configuration list for PBXNativeTarget "gittest" */ = {
			isa = XCConfigurationList;
			buildConfigurations = (
				5ED3349B1FD99FA600819043 /* Debug */,
				5ED3349C1FD99FA600819043 /* Release */,
			);
			defaultConfigurationIsVisible = 0;
			defaultConfigurationName = Release;
		};
		5ED3349D1FD99FA600819043 /* Build configuration list for PBXNativeTarget "gittestTests" */ = {
			isa = XCConfigurationList;
			buildConfigurations = (
				5ED3349E1FD99FA600819043 /* Debug */,
				5ED3349F1FD99FA600819043 /* Release */,
			);
			defaultConfigurationIsVisible = 0;
			defaultConfigurationName = Release;
		};
		5ED334A01FD99FA600819043 /* Build configuration list for PBXNativeTarget "gittestUITests" */ = {
			isa = XCConfigurationList;
			buildConfigurations = (
				5ED334A11FD99FA600819043 /* Debug */,
				5ED334A21FD99FA600819043 /* Release */,
			);
			defaultConfigurationIsVisible = 0;
			defaultConfigurationName = Release;
		};
/* End XCConfigurationList section */
	};
	rootObject = 5ED3346A1FD99FA600819043 /* Project object */;
}
